
Microsoft Visual Studio Solution File, Format Version 12.00
# Visual Studio Version 17
VisualStudioVersion = 17.0.31903.59
MinimumVisualStudioVersion = 10.0.40219.1
Project("{2150E333-8FDC-42A3-9474-1A3956D46DE8}") = "src", "src", "{827E0CD3-B72D-47B6-A68D-7590B98EB39B}"
EndProject
Project("{FAE04EC0-301F-11D3-BF4B-00C04F79EFBC}") = "Forge.OData.Client.Core", "src\Forge.OData.Client.Core\Forge.OData.Client.Core.csproj", "{9DC6874B-D1D7-4854-B7F9-E14588F14C91}"
EndProject
Project("{FAE04EC0-301F-11D3-BF4B-00C04F79EFBC}") = "Forge.OData.Generator", "src\Forge.OData.Generator\Forge.OData.Generator.csproj", "{13E12893-2BFA-4F0D-BF6B-85F63D0730DA}"
EndProject
Project("{2150E333-8FDC-42A3-9474-1A3956D46DE8}") = "tests", "tests", "{0AB3BF05-4346-4AA6-1389-037BE0695223}"
EndProject
Project("{FAE04EC0-301F-11D3-BF4B-00C04F79EFBC}") = "Forge.OData.Sample", "tests\Forge.OData.Sample\Forge.OData.Sample.csproj", "{D3AF4568-32D6-45DB-B056-9BB49BA476AA}"
EndProject
Project("{FAE04EC0-301F-11D3-BF4B-00C04F79EFBC}") = "Forge.OData.Client.Tests", "tests\Forge.OData.Client.Tests\Forge.OData.Client.Tests.csproj", "{7E6A80E5-3B6E-4155-92F8-612F8C4BCA1F}"
EndProject
Project("{FAE04EC0-301F-11D3-BF4B-00C04F79EFBC}") = "Forge.OData.Attributes", "src\Forge.OData.Attributes\Forge.OData.Attributes.csproj", "{862D9052-6BE2-4274-8B6C-9550DDEED67E}"
EndProject
Project("{FAE04EC0-301F-11D3-BF4B-00C04F79EFBC}") = "Forge.OData.AttributeSample", "tests\Forge.OData.AttributeSample\Forge.OData.AttributeSample.csproj", "{17E892D7-FF61-41D9-B8D9-CACD88D13A8C}"
EndProject
Project("{FAE04EC0-301F-11D3-BF4B-00C04F79EFBC}") = "Forge.OData.Service", "tests\Forge.OData.Service\Forge.OData.Service.csproj", "{D80BEE01-8259-4D5C-B4EB-CEC57D7534F0}"
EndProject
Project("{FAE04EC0-301F-11D3-BF4B-00C04F79EFBC}") = "Forge.OData.CLI", "src\Forge.OData.CLI\Forge.OData.CLI.csproj", "{6EABA25F-E866-40BE-98D4-D9B9982EA89A}"
EndProject
Project("{FAE04EC0-301F-11D3-BF4B-00C04F79EFBC}") = "Forge.OData.CLI.Tests", "tests\Forge.OData.CLI.Tests\Forge.OData.CLI.Tests.csproj", "{7C3F6C3D-1172-4F55-9C65-E50D78660BD2}"
EndProject
Global
	GlobalSection(SolutionConfigurationPlatforms) = preSolution
		Debug|Any CPU = Debug|Any CPU
		Debug|x64 = Debug|x64
		Debug|x86 = Debug|x86
		Release|Any CPU = Release|Any CPU
		Release|x64 = Release|x64
		Release|x86 = Release|x86
	EndGlobalSection
	GlobalSection(ProjectConfigurationPlatforms) = postSolution
		{9DC6874B-D1D7-4854-B7F9-E14588F14C91}.Debug|Any CPU.ActiveCfg = Debug|Any CPU
		{9DC6874B-D1D7-4854-B7F9-E14588F14C91}.Debug|Any CPU.Build.0 = Debug|Any CPU
		{9DC6874B-D1D7-4854-B7F9-E14588F14C91}.Debug|x64.ActiveCfg = Debug|Any CPU
		{9DC6874B-D1D7-4854-B7F9-E14588F14C91}.Debug|x64.Build.0 = Debug|Any CPU
		{9DC6874B-D1D7-4854-B7F9-E14588F14C91}.Debug|x86.ActiveCfg = Debug|Any CPU
		{9DC6874B-D1D7-4854-B7F9-E14588F14C91}.Debug|x86.Build.0 = Debug|Any CPU
		{9DC6874B-D1D7-4854-B7F9-E14588F14C91}.Release|Any CPU.ActiveCfg = Release|Any CPU
		{9DC6874B-D1D7-4854-B7F9-E14588F14C91}.Release|Any CPU.Build.0 = Release|Any CPU
		{9DC6874B-D1D7-4854-B7F9-E14588F14C91}.Release|x64.ActiveCfg = Release|Any CPU
		{9DC6874B-D1D7-4854-B7F9-E14588F14C91}.Release|x64.Build.0 = Release|Any CPU
		{9DC6874B-D1D7-4854-B7F9-E14588F14C91}.Release|x86.ActiveCfg = Release|Any CPU
		{9DC6874B-D1D7-4854-B7F9-E14588F14C91}.Release|x86.Build.0 = Release|Any CPU
		{13E12893-2BFA-4F0D-BF6B-85F63D0730DA}.Debug|Any CPU.ActiveCfg = Debug|Any CPU
		{13E12893-2BFA-4F0D-BF6B-85F63D0730DA}.Debug|Any CPU.Build.0 = Debug|Any CPU
		{13E12893-2BFA-4F0D-BF6B-85F63D0730DA}.Debug|x64.ActiveCfg = Debug|Any CPU
		{13E12893-2BFA-4F0D-BF6B-85F63D0730DA}.Debug|x64.Build.0 = Debug|Any CPU
		{13E12893-2BFA-4F0D-BF6B-85F63D0730DA}.Debug|x86.ActiveCfg = Debug|Any CPU
		{13E12893-2BFA-4F0D-BF6B-85F63D0730DA}.Debug|x86.Build.0 = Debug|Any CPU
		{13E12893-2BFA-4F0D-BF6B-85F63D0730DA}.Release|Any CPU.ActiveCfg = Release|Any CPU
		{13E12893-2BFA-4F0D-BF6B-85F63D0730DA}.Release|Any CPU.Build.0 = Release|Any CPU
		{13E12893-2BFA-4F0D-BF6B-85F63D0730DA}.Release|x64.ActiveCfg = Release|Any CPU
		{13E12893-2BFA-4F0D-BF6B-85F63D0730DA}.Release|x64.Build.0 = Release|Any CPU
		{13E12893-2BFA-4F0D-BF6B-85F63D0730DA}.Release|x86.ActiveCfg = Release|Any CPU
		{13E12893-2BFA-4F0D-BF6B-85F63D0730DA}.Release|x86.Build.0 = Release|Any CPU
		{D3AF4568-32D6-45DB-B056-9BB49BA476AA}.Debug|Any CPU.ActiveCfg = Debug|Any CPU
		{D3AF4568-32D6-45DB-B056-9BB49BA476AA}.Debug|Any CPU.Build.0 = Debug|Any CPU
		{D3AF4568-32D6-45DB-B056-9BB49BA476AA}.Debug|x64.ActiveCfg = Debug|Any CPU
		{D3AF4568-32D6-45DB-B056-9BB49BA476AA}.Debug|x64.Build.0 = Debug|Any CPU
		{D3AF4568-32D6-45DB-B056-9BB49BA476AA}.Debug|x86.ActiveCfg = Debug|Any CPU
		{D3AF4568-32D6-45DB-B056-9BB49BA476AA}.Debug|x86.Build.0 = Debug|Any CPU
		{D3AF4568-32D6-45DB-B056-9BB49BA476AA}.Release|Any CPU.ActiveCfg = Release|Any CPU
		{D3AF4568-32D6-45DB-B056-9BB49BA476AA}.Release|Any CPU.Build.0 = Release|Any CPU
		{D3AF4568-32D6-45DB-B056-9BB49BA476AA}.Release|x64.ActiveCfg = Release|Any CPU
		{D3AF4568-32D6-45DB-B056-9BB49BA476AA}.Release|x64.Build.0 = Release|Any CPU
		{D3AF4568-32D6-45DB-B056-9BB49BA476AA}.Release|x86.ActiveCfg = Release|Any CPU
		{D3AF4568-32D6-45DB-B056-9BB49BA476AA}.Release|x86.Build.0 = Release|Any CPU
		{7E6A80E5-3B6E-4155-92F8-612F8C4BCA1F}.Debug|Any CPU.ActiveCfg = Debug|Any CPU
		{7E6A80E5-3B6E-4155-92F8-612F8C4BCA1F}.Debug|Any CPU.Build.0 = Debug|Any CPU
		{7E6A80E5-3B6E-4155-92F8-612F8C4BCA1F}.Debug|x64.ActiveCfg = Debug|Any CPU
		{7E6A80E5-3B6E-4155-92F8-612F8C4BCA1F}.Debug|x64.Build.0 = Debug|Any CPU
		{7E6A80E5-3B6E-4155-92F8-612F8C4BCA1F}.Debug|x86.ActiveCfg = Debug|Any CPU
		{7E6A80E5-3B6E-4155-92F8-612F8C4BCA1F}.Debug|x86.Build.0 = Debug|Any CPU
		{7E6A80E5-3B6E-4155-92F8-612F8C4BCA1F}.Release|Any CPU.ActiveCfg = Release|Any CPU
		{7E6A80E5-3B6E-4155-92F8-612F8C4BCA1F}.Release|Any CPU.Build.0 = Release|Any CPU
		{7E6A80E5-3B6E-4155-92F8-612F8C4BCA1F}.Release|x64.ActiveCfg = Release|Any CPU
		{7E6A80E5-3B6E-4155-92F8-612F8C4BCA1F}.Release|x64.Build.0 = Release|Any CPU
		{7E6A80E5-3B6E-4155-92F8-612F8C4BCA1F}.Release|x86.ActiveCfg = Release|Any CPU
		{7E6A80E5-3B6E-4155-92F8-612F8C4BCA1F}.Release|x86.Build.0 = Release|Any CPU
		{862D9052-6BE2-4274-8B6C-9550DDEED67E}.Debug|Any CPU.ActiveCfg = Debug|Any CPU
		{862D9052-6BE2-4274-8B6C-9550DDEED67E}.Debug|Any CPU.Build.0 = Debug|Any CPU
		{862D9052-6BE2-4274-8B6C-9550DDEED67E}.Debug|x64.ActiveCfg = Debug|Any CPU
		{862D9052-6BE2-4274-8B6C-9550DDEED67E}.Debug|x64.Build.0 = Debug|Any CPU
		{862D9052-6BE2-4274-8B6C-9550DDEED67E}.Debug|x86.ActiveCfg = Debug|Any CPU
		{862D9052-6BE2-4274-8B6C-9550DDEED67E}.Debug|x86.Build.0 = Debug|Any CPU
		{862D9052-6BE2-4274-8B6C-9550DDEED67E}.Release|Any CPU.ActiveCfg = Release|Any CPU
		{862D9052-6BE2-4274-8B6C-9550DDEED67E}.Release|Any CPU.Build.0 = Release|Any CPU
		{862D9052-6BE2-4274-8B6C-9550DDEED67E}.Release|x64.ActiveCfg = Release|Any CPU
		{862D9052-6BE2-4274-8B6C-9550DDEED67E}.Release|x64.Build.0 = Release|Any CPU
		{862D9052-6BE2-4274-8B6C-9550DDEED67E}.Release|x86.ActiveCfg = Release|Any CPU
		{862D9052-6BE2-4274-8B6C-9550DDEED67E}.Release|x86.Build.0 = Release|Any CPU
		{17E892D7-FF61-41D9-B8D9-CACD88D13A8C}.Debug|Any CPU.ActiveCfg = Debug|Any CPU
		{17E892D7-FF61-41D9-B8D9-CACD88D13A8C}.Debug|Any CPU.Build.0 = Debug|Any CPU
		{17E892D7-FF61-41D9-B8D9-CACD88D13A8C}.Debug|x64.ActiveCfg = Debug|Any CPU
		{17E892D7-FF61-41D9-B8D9-CACD88D13A8C}.Debug|x64.Build.0 = Debug|Any CPU
		{17E892D7-FF61-41D9-B8D9-CACD88D13A8C}.Debug|x86.ActiveCfg = Debug|Any CPU
		{17E892D7-FF61-41D9-B8D9-CACD88D13A8C}.Debug|x86.Build.0 = Debug|Any CPU
		{17E892D7-FF61-41D9-B8D9-CACD88D13A8C}.Release|Any CPU.ActiveCfg = Release|Any CPU
		{17E892D7-FF61-41D9-B8D9-CACD88D13A8C}.Release|Any CPU.Build.0 = Release|Any CPU
		{17E892D7-FF61-41D9-B8D9-CACD88D13A8C}.Release|x64.ActiveCfg = Release|Any CPU
		{17E892D7-FF61-41D9-B8D9-CACD88D13A8C}.Release|x64.Build.0 = Release|Any CPU
		{17E892D7-FF61-41D9-B8D9-CACD88D13A8C}.Release|x86.ActiveCfg = Release|Any CPU
		{17E892D7-FF61-41D9-B8D9-CACD88D13A8C}.Release|x86.Build.0 = Release|Any CPU
		{D80BEE01-8259-4D5C-B4EB-CEC57D7534F0}.Debug|Any CPU.ActiveCfg = Debug|Any CPU
		{D80BEE01-8259-4D5C-B4EB-CEC57D7534F0}.Debug|Any CPU.Build.0 = Debug|Any CPU
		{D80BEE01-8259-4D5C-B4EB-CEC57D7534F0}.Debug|x64.ActiveCfg = Debug|Any CPU
		{D80BEE01-8259-4D5C-B4EB-CEC57D7534F0}.Debug|x64.Build.0 = Debug|Any CPU
		{D80BEE01-8259-4D5C-B4EB-CEC57D7534F0}.Debug|x86.ActiveCfg = Debug|Any CPU
		{D80BEE01-8259-4D5C-B4EB-CEC57D7534F0}.Debug|x86.Build.0 = Debug|Any CPU
		{D80BEE01-8259-4D5C-B4EB-CEC57D7534F0}.Release|Any CPU.ActiveCfg = Release|Any CPU
		{D80BEE01-8259-4D5C-B4EB-CEC57D7534F0}.Release|Any CPU.Build.0 = Release|Any CPU
		{D80BEE01-8259-4D5C-B4EB-CEC57D7534F0}.Release|x64.ActiveCfg = Release|Any CPU
		{D80BEE01-8259-4D5C-B4EB-CEC57D7534F0}.Release|x64.Build.0 = Release|Any CPU
		{D80BEE01-8259-4D5C-B4EB-CEC57D7534F0}.Release|x86.ActiveCfg = Release|Any CPU
		{D80BEE01-8259-4D5C-B4EB-CEC57D7534F0}.Release|x86.Build.0 = Release|Any CPU
		{6EABA25F-E866-40BE-98D4-D9B9982EA89A}.Debug|Any CPU.ActiveCfg = Debug|Any CPU
		{6EABA25F-E866-40BE-98D4-D9B9982EA89A}.Debug|Any CPU.Build.0 = Debug|Any CPU
		{6EABA25F-E866-40BE-98D4-D9B9982EA89A}.Debug|x64.ActiveCfg = Debug|Any CPU
		{6EABA25F-E866-40BE-98D4-D9B9982EA89A}.Debug|x64.Build.0 = Debug|Any CPU
		{6EABA25F-E866-40BE-98D4-D9B9982EA89A}.Debug|x86.ActiveCfg = Debug|Any CPU
		{6EABA25F-E866-40BE-98D4-D9B9982EA89A}.Debug|x86.Build.0 = Debug|Any CPU
		{6EABA25F-E866-40BE-98D4-D9B9982EA89A}.Release|Any CPU.ActiveCfg = Release|Any CPU
		{6EABA25F-E866-40BE-98D4-D9B9982EA89A}.Release|Any CPU.Build.0 = Release|Any CPU
		{6EABA25F-E866-40BE-98D4-D9B9982EA89A}.Release|x64.ActiveCfg = Release|Any CPU
		{6EABA25F-E866-40BE-98D4-D9B9982EA89A}.Release|x64.Build.0 = Release|Any CPU
		{6EABA25F-E866-40BE-98D4-D9B9982EA89A}.Release|x86.ActiveCfg = Release|Any CPU
		{6EABA25F-E866-40BE-98D4-D9B9982EA89A}.Release|x86.Build.0 = Release|Any CPU
		{7C3F6C3D-1172-4F55-9C65-E50D78660BD2}.Debug|Any CPU.ActiveCfg = Debug|Any CPU
		{7C3F6C3D-1172-4F55-9C65-E50D78660BD2}.Debug|Any CPU.Build.0 = Debug|Any CPU
		{7C3F6C3D-1172-4F55-9C65-E50D78660BD2}.Debug|x64.ActiveCfg = Debug|Any CPU
		{7C3F6C3D-1172-4F55-9C65-E50D78660BD2}.Debug|x64.Build.0 = Debug|Any CPU
		{7C3F6C3D-1172-4F55-9C65-E50D78660BD2}.Debug|x86.ActiveCfg = Debug|Any CPU
		{7C3F6C3D-1172-4F55-9C65-E50D78660BD2}.Debug|x86.Build.0 = Debug|Any CPU
		{7C3F6C3D-1172-4F55-9C65-E50D78660BD2}.Release|Any CPU.ActiveCfg = Release|Any CPU
		{7C3F6C3D-1172-4F55-9C65-E50D78660BD2}.Release|Any CPU.Build.0 = Release|Any CPU
		{7C3F6C3D-1172-4F55-9C65-E50D78660BD2}.Release|x64.ActiveCfg = Release|Any CPU
		{7C3F6C3D-1172-4F55-9C65-E50D78660BD2}.Release|x64.Build.0 = Release|Any CPU
		{7C3F6C3D-1172-4F55-9C65-E50D78660BD2}.Release|x86.ActiveCfg = Release|Any CPU
		{7C3F6C3D-1172-4F55-9C65-E50D78660BD2}.Release|x86.Build.0 = Release|Any CPU
	EndGlobalSection
	GlobalSection(SolutionProperties) = preSolution
		HideSolutionNode = FALSE
	EndGlobalSection
	GlobalSection(NestedProjects) = preSolution
		{9DC6874B-D1D7-4854-B7F9-E14588F14C91} = {827E0CD3-B72D-47B6-A68D-7590B98EB39B}
		{13E12893-2BFA-4F0D-BF6B-85F63D0730DA} = {827E0CD3-B72D-47B6-A68D-7590B98EB39B}
		{D3AF4568-32D6-45DB-B056-9BB49BA476AA} = {0AB3BF05-4346-4AA6-1389-037BE0695223}
		{7E6A80E5-3B6E-4155-92F8-612F8C4BCA1F} = {0AB3BF05-4346-4AA6-1389-037BE0695223}
		{862D9052-6BE2-4274-8B6C-9550DDEED67E} = {827E0CD3-B72D-47B6-A68D-7590B98EB39B}
		{17E892D7-FF61-41D9-B8D9-CACD88D13A8C} = {0AB3BF05-4346-4AA6-1389-037BE0695223}
		{D80BEE01-8259-4D5C-B4EB-CEC57D7534F0} = {0AB3BF05-4346-4AA6-1389-037BE0695223}
		{6EABA25F-E866-40BE-98D4-D9B9982EA89A} = {827E0CD3-B72D-47B6-A68D-7590B98EB39B}
		{7C3F6C3D-1172-4F55-9C65-E50D78660BD2} = {0AB3BF05-4346-4AA6-1389-037BE0695223}
	EndGlobalSection
EndGlobal
